
Microsoft Visual Studio Solution File, Format Version 12.00
Project("{2150E333-8FDC-42A3-9474-1A3956D46DE8}") = "src", "src", "{556A9AD9-DBC2-4A31-89D9-69C56D07AA26}"
EndProject
Project("{2150E333-8FDC-42A3-9474-1A3956D46DE8}") = "tests", "tests", "{D470E82C-BD3D-4ACD-8BE3-C85A00265654}"
EndProject
Project("{2150E333-8FDC-42A3-9474-1A3956D46DE8}") = "API", "API", "{DE4DCEA6-5E34-4E24-924A-A1F96B0484DA}"
EndProject
Project("{2150E333-8FDC-42A3-9474-1A3956D46DE8}") = "Core", "Core", "{31CA303D-E4F0-4C3B-82E6-AB1FB30D11BA}"
EndProject
Project("{2150E333-8FDC-42A3-9474-1A3956D46DE8}") = "Infrastructure", "Infrastructure", "{B23689D2-7B47-463F-88DB-6410400B4B3D}"
EndProject
Project("{2150E333-8FDC-42A3-9474-1A3956D46DE8}") = "UI", "UI", "{C1DFE2A5-E198-47A6-9257-900F77EE4360}"
EndProject
Project("{FAE04EC0-301F-11D3-BF4B-00C04F79EFBC}") = "Clean.ProductionPlanner.API", "Clean.ProductionPlanner.API\Clean.ProductionPlanner.API.csproj", "{DD5569E3-7115-40A3-9053-65822FFBD91F}"
EndProject
Project("{FAE04EC0-301F-11D3-BF4B-00C04F79EFBC}") = "Clean.ProductionPlanner.MVC", "Clean.ProductionPlanner.MVC\Clean.ProductionPlanner.MVC.csproj", "{EEB5321D-23A1-43DF-A5C3-14892D87EEA4}"
EndProject
Project("{FAE04EC0-301F-11D3-BF4B-00C04F79EFBC}") = "Clean.ProductionPlanner.Application", "Clean.ProductionPlanner.Application\Clean.ProductionPlanner.Application.csproj", "{BA17D87D-DC18-4277-B133-37355AACF175}"
EndProject
Project("{FAE04EC0-301F-11D3-BF4B-00C04F79EFBC}") = "Clean.ProductionPlanner.Domain", "Clean.ProductionPlanner.Domain\Clean.ProductionPlanner.Domain.csproj", "{0919CD20-995C-409A-A515-0155DAF9CFFE}"
EndProject
Project("{FAE04EC0-301F-11D3-BF4B-00C04F79EFBC}") = "Clean.ProductionPlanner.Identity", "Clean.ProductionPlanner.Identity\Clean.ProductionPlanner.Identity.csproj", "{581952E7-080D-45E0-8EF9-1E908E9075A4}"
EndProject
Project("{FAE04EC0-301F-11D3-BF4B-00C04F79EFBC}") = "Clean.ProductionPlanner.Infrastructure", "Clean.ProductionPlanner.Infrastructure\Clean.ProductionPlanner.Infrastructure.csproj", "{1F0D32B8-715B-4D98-BB9E-8392798927F8}"
EndProject
Project("{FAE04EC0-301F-11D3-BF4B-00C04F79EFBC}") = "Clean.ProductionPlanner.Persistence", "Clean.ProductionPlanner.Persistence\Clean.ProductionPlanner.Persistence.csproj", "{2E9F3699-5E9C-47C0-AD13-1FE36F931A3C}"
EndProject
Project("{FAE04EC0-301F-11D3-BF4B-00C04F79EFBC}") = "Clean.ProductionPlanner.Application.UnitTests", "Clean.ProductionPlanner.Application.UnitTests\Clean.ProductionPlanner.Application.UnitTests.csproj", "{49FB312C-D86F-4962-8777-55FD16DC9CAE}"
EndProject
Global
	GlobalSection(SolutionConfigurationPlatforms) = preSolution
		Debug|Any CPU = Debug|Any CPU
		Release|Any CPU = Release|Any CPU
	EndGlobalSection
	GlobalSection(NestedProjects) = preSolution
		{DE4DCEA6-5E34-4E24-924A-A1F96B0484DA} = {556A9AD9-DBC2-4A31-89D9-69C56D07AA26}
		{31CA303D-E4F0-4C3B-82E6-AB1FB30D11BA} = {556A9AD9-DBC2-4A31-89D9-69C56D07AA26}
		{B23689D2-7B47-463F-88DB-6410400B4B3D} = {556A9AD9-DBC2-4A31-89D9-69C56D07AA26}
		{C1DFE2A5-E198-47A6-9257-900F77EE4360} = {556A9AD9-DBC2-4A31-89D9-69C56D07AA26}
		{DD5569E3-7115-40A3-9053-65822FFBD91F} = {DE4DCEA6-5E34-4E24-924A-A1F96B0484DA}
		{EEB5321D-23A1-43DF-A5C3-14892D87EEA4} = {C1DFE2A5-E198-47A6-9257-900F77EE4360}
		{BA17D87D-DC18-4277-B133-37355AACF175} = {31CA303D-E4F0-4C3B-82E6-AB1FB30D11BA}
		{0919CD20-995C-409A-A515-0155DAF9CFFE} = {31CA303D-E4F0-4C3B-82E6-AB1FB30D11BA}
		{581952E7-080D-45E0-8EF9-1E908E9075A4} = {B23689D2-7B47-463F-88DB-6410400B4B3D}
		{1F0D32B8-715B-4D98-BB9E-8392798927F8} = {B23689D2-7B47-463F-88DB-6410400B4B3D}
		{2E9F3699-5E9C-47C0-AD13-1FE36F931A3C} = {B23689D2-7B47-463F-88DB-6410400B4B3D}
		{49FB312C-D86F-4962-8777-55FD16DC9CAE} = {D470E82C-BD3D-4ACD-8BE3-C85A00265654}
	EndGlobalSection
	GlobalSection(ProjectConfigurationPlatforms) = postSolution
		{DD5569E3-7115-40A3-9053-65822FFBD91F}.Debug|Any CPU.ActiveCfg = Debug|Any CPU
		{DD5569E3-7115-40A3-9053-65822FFBD91F}.Debug|Any CPU.Build.0 = Debug|Any CPU
		{DD5569E3-7115-40A3-9053-65822FFBD91F}.Release|Any CPU.ActiveCfg = Release|Any CPU
		{DD5569E3-7115-40A3-9053-65822FFBD91F}.Release|Any CPU.Build.0 = Release|Any CPU
		{EEB5321D-23A1-43DF-A5C3-14892D87EEA4}.Debug|Any CPU.ActiveCfg = Debug|Any CPU
		{EEB5321D-23A1-43DF-A5C3-14892D87EEA4}.Debug|Any CPU.Build.0 = Debug|Any CPU
		{EEB5321D-23A1-43DF-A5C3-14892D87EEA4}.Release|Any CPU.ActiveCfg = Release|Any CPU
		{EEB5321D-23A1-43DF-A5C3-14892D87EEA4}.Release|Any CPU.Build.0 = Release|Any CPU
		{BA17D87D-DC18-4277-B133-37355AACF175}.Debug|Any CPU.ActiveCfg = Debug|Any CPU
		{BA17D87D-DC18-4277-B133-37355AACF175}.Debug|Any CPU.Build.0 = Debug|Any CPU
		{BA17D87D-DC18-4277-B133-37355AACF175}.Release|Any CPU.ActiveCfg = Release|Any CPU
		{BA17D87D-DC18-4277-B133-37355AACF175}.Release|Any CPU.Build.0 = Release|Any CPU
		{0919CD20-995C-409A-A515-0155DAF9CFFE}.Debug|Any CPU.ActiveCfg = Debug|Any CPU
		{0919CD20-995C-409A-A515-0155DAF9CFFE}.Debug|Any CPU.Build.0 = Debug|Any CPU
		{0919CD20-995C-409A-A515-0155DAF9CFFE}.Release|Any CPU.ActiveCfg = Release|Any CPU
		{0919CD20-995C-409A-A515-0155DAF9CFFE}.Release|Any CPU.Build.0 = Release|Any CPU
		{581952E7-080D-45E0-8EF9-1E908E9075A4}.Debug|Any CPU.ActiveCfg = Debug|Any CPU
		{581952E7-080D-45E0-8EF9-1E908E9075A4}.Debug|Any CPU.Build.0 = Debug|Any CPU
		{581952E7-080D-45E0-8EF9-1E908E9075A4}.Release|Any CPU.ActiveCfg = Release|Any CPU
		{581952E7-080D-45E0-8EF9-1E908E9075A4}.Release|Any CPU.Build.0 = Release|Any CPU
		{1F0D32B8-715B-4D98-BB9E-8392798927F8}.Debug|Any CPU.ActiveCfg = Debug|Any CPU
		{1F0D32B8-715B-4D98-BB9E-8392798927F8}.Debug|Any CPU.Build.0 = Debug|Any CPU
		{1F0D32B8-715B-4D98-BB9E-8392798927F8}.Release|Any CPU.ActiveCfg = Release|Any CPU
		{1F0D32B8-715B-4D98-BB9E-8392798927F8}.Release|Any CPU.Build.0 = Release|Any CPU
		{2E9F3699-5E9C-47C0-AD13-1FE36F931A3C}.Debug|Any CPU.ActiveCfg = Debug|Any CPU
		{2E9F3699-5E9C-47C0-AD13-1FE36F931A3C}.Debug|Any CPU.Build.0 = Debug|Any CPU
		{2E9F3699-5E9C-47C0-AD13-1FE36F931A3C}.Release|Any CPU.ActiveCfg = Release|Any CPU
		{2E9F3699-5E9C-47C0-AD13-1FE36F931A3C}.Release|Any CPU.Build.0 = Release|Any CPU
		{49FB312C-D86F-4962-8777-55FD16DC9CAE}.Debug|Any CPU.ActiveCfg = Debug|Any CPU
		{49FB312C-D86F-4962-8777-55FD16DC9CAE}.Debug|Any CPU.Build.0 = Debug|Any CPU
		{49FB312C-D86F-4962-8777-55FD16DC9CAE}.Release|Any CPU.ActiveCfg = Release|Any CPU
		{49FB312C-D86F-4962-8777-55FD16DC9CAE}.Release|Any CPU.Build.0 = Release|Any CPU
	EndGlobalSection
EndGlobal
